
Microsoft Visual Studio Solution File, Format Version 12.00
# Visual Studio Version 16
VisualStudioVersion = 16.0.30907.101
MinimumVisualStudioVersion = 10.0.40219.1
Project("{FAE04EC0-301F-11D3-BF4B-00C04F79EFBC}") = "Control", "Control\Control.csproj", "{7EB6AAC5-12B4-4672-9FA8-01CC4CAEE19A}"
EndProject
Global
	GlobalSection(SolutionConfigurationPlatforms) = preSolution
		Debug|Any CPU = Debug|Any CPU
		Release|Any CPU = Release|Any CPU
	EndGlobalSection
	GlobalSection(ProjectConfigurationPlatforms) = postSolution
		{7EB6AAC5-12B4-4672-9FA8-01CC4CAEE19A}.Debug|Any CPU.ActiveCfg = Debug|Any CPU
		{7EB6AAC5-12B4-4672-9FA8-01CC4CAEE19A}.Debug|Any CPU.Build.0 = Debug|Any CPU
		{7EB6AAC5-12B4-4672-9FA8-01CC4CAEE19A}.Release|Any CPU.ActiveCfg = Release|Any CPU
		{7EB6AAC5-12B4-4672-9FA8-01CC4CAEE19A}.Release|Any CPU.Build.0 = Release|Any CPU
	EndGlobalSection
	GlobalSection(SolutionProperties) = preSolution
		HideSolutionNode = FALSE
	EndGlobalSection
	GlobalSection(ExtensibilityGlobals) = postSolution
		SolutionGuid = {8173F2ED-C923-452E-874D-B04BADD88A10}
	EndGlobalSection
EndGlobal
